
Microsoft Visual Studio Solution File, Format Version 12.00
# Visual Studio 2012
Project("{FAE04EC0-301F-11D3-BF4B-00C04F79EFBC}") = "LotteryEngine", "LotteryEngine\LotteryEngine.csproj", "{A565D58F-A5BC-45B2-B301-E11C0A01BC5C}"
EndProject
Project("{FAE04EC0-301F-11D3-BF4B-00C04F79EFBC}") = "LotteryTablePrinter", "LotteryTablePrinter\LotteryTablePrinter.csproj", "{53EDA6FC-0F71-450F-95E2-0A2B689A8462}"
EndProject
Global
	GlobalSection(SolutionConfigurationPlatforms) = preSolution
		Debug|Any CPU = Debug|Any CPU
		Release|Any CPU = Release|Any CPU
	EndGlobalSection
	GlobalSection(ProjectConfigurationPlatforms) = postSolution
		{A565D58F-A5BC-45B2-B301-E11C0A01BC5C}.Debug|Any CPU.ActiveCfg = Debug|Any CPU
		{A565D58F-A5BC-45B2-B301-E11C0A01BC5C}.Debug|Any CPU.Build.0 = Debug|Any CPU
		{A565D58F-A5BC-45B2-B301-E11C0A01BC5C}.Release|Any CPU.ActiveCfg = Release|Any CPU
		{A565D58F-A5BC-45B2-B301-E11C0A01BC5C}.Release|Any CPU.Build.0 = Release|Any CPU
		{53EDA6FC-0F71-450F-95E2-0A2B689A8462}.Debug|Any CPU.ActiveCfg = Debug|Any CPU
		{53EDA6FC-0F71-450F-95E2-0A2B689A8462}.Debug|Any CPU.Build.0 = Debug|Any CPU
		{53EDA6FC-0F71-450F-95E2-0A2B689A8462}.Release|Any CPU.ActiveCfg = Release|Any CPU
		{53EDA6FC-0F71-450F-95E2-0A2B689A8462}.Release|Any CPU.Build.0 = Release|Any CPU
	EndGlobalSection
	GlobalSection(SolutionProperties) = preSolution
		HideSolutionNode = FALSE
	EndGlobalSection
EndGlobal
